# THIS IS AN AUTOGENERATED FILE. DO NOT EDIT THIS FILE DIRECTLY.
# yarn lockfile v1


accepts@~1.2.12:
  version "1.2.13"
  resolved "https://registry.yarnpkg.com/accepts/-/accepts-1.2.13.tgz#e5f1f3928c6d95fd96558c36ec3d9d0de4a6ecea"
  dependencies:
    mime-types "~2.1.6"
    negotiator "0.5.3"

accepts@~1.3.3:
  version "1.3.5"
  resolved "https://registry.yarnpkg.com/accepts/-/accepts-1.3.5.tgz#eb777df6011723a3b14e8a72c0805c8e86746bd2"
  dependencies:
    mime-types "~2.1.18"
    negotiator "0.6.1"

agentkeepalive@^3.4.1:
  version "3.4.1"
  resolved "https://registry.yarnpkg.com/agentkeepalive/-/agentkeepalive-3.4.1.tgz#aa95aebc3a749bca5ed53e3880a09f5235b48f0c"
  dependencies:
    humanize-ms "^1.2.1"

ansi-regex@^2.0.0:
  version "2.1.1"
  resolved "https://registry.yarnpkg.com/ansi-regex/-/ansi-regex-2.1.1.tgz#c3b33ab5ee360d86e0e628f0468ae7ef27d654df"

ansi-styles@^2.2.1:
  version "2.2.1"
  resolved "https://registry.yarnpkg.com/ansi-styles/-/ansi-styles-2.2.1.tgz#b432dd3358b634cf75e1e4664368240533c1ddbe"

array-flatten@1.1.1:
  version "1.1.1"
  resolved "https://registry.yarnpkg.com/array-flatten/-/array-flatten-1.1.1.tgz#9a5f699051b1e7073328f2a008968b64ea2955d2"

axo@0.0.x:
  version "0.0.2"
  resolved "https://registry.yarnpkg.com/axo/-/axo-0.0.2.tgz#49355fbbeab38449bca696a1aacc469a5ee9fd47"

babel-runtime@^5.8.19:
  version "5.8.38"
  resolved "https://registry.yarnpkg.com/babel-runtime/-/babel-runtime-5.8.38.tgz#1c0b02eb63312f5f087ff20450827b425c9d4c19"
  dependencies:
    core-js "^1.0.0"

balanced-match@^1.0.0:
  version "1.0.0"
  resolved "https://registry.yarnpkg.com/balanced-match/-/balanced-match-1.0.0.tgz#89b4d199ab2bee49de164ea02b89ce462d71b767"

basic-auth@~2.0.0:
  version "2.0.0"
  resolved "https://registry.yarnpkg.com/basic-auth/-/basic-auth-2.0.0.tgz#015db3f353e02e56377755f962742e8981e7bbba"
  dependencies:
    safe-buffer "5.1.1"

big-number@0.3.1:
  version "0.3.1"
  resolved "https://registry.yarnpkg.com/big-number/-/big-number-0.3.1.tgz#ac73020c0a59bb79eb17c2ce2db77f77d974e013"

bl@^1.0.0:
  version "1.2.2"
  resolved "https://registry.yarnpkg.com/bl/-/bl-1.2.2.tgz#a160911717103c07410cef63ef51b397c025af9c"
  dependencies:
    readable-stream "^2.3.5"
    safe-buffer "^5.1.1"

body-parser@~1.17.1:
  version "1.17.2"
  resolved "https://registry.yarnpkg.com/body-parser/-/body-parser-1.17.2.tgz#f8892abc8f9e627d42aedafbca66bf5ab99104ee"
  dependencies:
    bytes "2.4.0"
    content-type "~1.0.2"
    debug "2.6.7"
    depd "~1.1.0"
    http-errors "~1.6.1"
    iconv-lite "0.4.15"
    on-finished "~2.3.0"
    qs "6.4.0"
    raw-body "~2.2.0"
    type-is "~1.6.15"

brace-expansion@^1.1.7:
  version "1.1.11"
  resolved "https://registry.yarnpkg.com/brace-expansion/-/brace-expansion-1.1.11.tgz#3c7fcbf529d87226f3d2f52b966ff5271eb441dd"
  dependencies:
    balanced-match "^1.0.0"
    concat-map "0.0.1"

bson@~1.0.4:
  version "1.0.6"
  resolved "https://registry.yarnpkg.com/bson/-/bson-1.0.6.tgz#444db59ddd4c24f0cb063aabdc5c8c7b0ceca912"

bytes@2.1.0:
  version "2.1.0"
  resolved "https://registry.yarnpkg.com/bytes/-/bytes-2.1.0.tgz#ac93c410e2ffc9cc7cf4b464b38289067f5e47b4"

bytes@2.4.0:
  version "2.4.0"
  resolved "https://registry.yarnpkg.com/bytes/-/bytes-2.4.0.tgz#7d97196f9d5baf7f6935e25985549edd2a6c2339"

chalk@^1.0.0:
  version "1.1.3"
  resolved "https://registry.yarnpkg.com/chalk/-/chalk-1.1.3.tgz#a8115c55e4a702fe4d150abd3872822a7e09fc98"
  dependencies:
    ansi-styles "^2.2.1"
    escape-string-regexp "^1.0.2"
    has-ansi "^2.0.0"
    strip-ansi "^3.0.0"
    supports-color "^2.0.0"

compressible@~2.0.5:
  version "2.0.13"
  resolved "https://registry.yarnpkg.com/compressible/-/compressible-2.0.13.tgz#0d1020ab924b2fdb4d6279875c7d6daba6baa7a9"
  dependencies:
    mime-db ">= 1.33.0 < 2"

compression@1.5.2:
  version "1.5.2"
  resolved "http://registry.npmjs.org/compression/-/compression-1.5.2.tgz#b03b8d86e6f8ad29683cba8df91ddc6ffc77b395"
  dependencies:
    accepts "~1.2.12"
    bytes "2.1.0"
    compressible "~2.0.5"
    debug "~2.2.0"
    on-headers "~1.0.0"
    vary "~1.0.1"

concat-map@0.0.1:
  version "0.0.1"
  resolved "https://registry.yarnpkg.com/concat-map/-/concat-map-0.0.1.tgz#d8a96bd77fd68df7793a73036a3ba0d5405d477b"

connect-timeout@^1.9.0:
  version "1.9.0"
  resolved "https://registry.yarnpkg.com/connect-timeout/-/connect-timeout-1.9.0.tgz#bc27326b122103714bebfa0d958bab33f6522e3a"
  dependencies:
    http-errors "~1.6.1"
    ms "2.0.0"
    on-finished "~2.3.0"
    on-headers "~1.0.1"

content-disposition@0.5.2:
  version "0.5.2"
  resolved "https://registry.yarnpkg.com/content-disposition/-/content-disposition-0.5.2.tgz#0cf68bb9ddf5f2be7961c3a85178cb85dba78cb4"

content-type@~1.0.2:
  version "1.0.4"
  resolved "https://registry.yarnpkg.com/content-type/-/content-type-1.0.4.tgz#e138cc75e040c727b1966fe5e5f8c9aee256fe3b"

cookie-parser@~1.4.3:
  version "1.4.3"
  resolved "https://registry.yarnpkg.com/cookie-parser/-/cookie-parser-1.4.3.tgz#0fe31fa19d000b95f4aadf1f53fdc2b8a203baa5"
  dependencies:
    cookie "0.3.1"
    cookie-signature "1.0.6"

cookie-signature@1.0.6:
  version "1.0.6"
  resolved "https://registry.yarnpkg.com/cookie-signature/-/cookie-signature-1.0.6.tgz#e303a882b342cc3ee8ca513a79999734dab3ae2c"

cookie@0.3.1:
  version "0.3.1"
  resolved "https://registry.yarnpkg.com/cookie/-/cookie-0.3.1.tgz#e7e0a1f9ef43b4c8ba925c5c5a96e806d16873bb"

core-js@^1.0.0:
  version "1.2.7"
  resolved "https://registry.yarnpkg.com/core-js/-/core-js-1.2.7.tgz#652294c14651db28fa93bd2d5ff2983a4f08c636"

core-util-is@~1.0.0:
  version "1.0.2"
  resolved "https://registry.yarnpkg.com/core-util-is/-/core-util-is-1.0.2.tgz#b5fd54220aa2bc5ab57aab7140c940754503c1a7"

crc@3.4.4:
  version "3.4.4"
  resolved "https://registry.yarnpkg.com/crc/-/crc-3.4.4.tgz#9da1e980e3bd44fc5c93bf5ab3da3378d85e466b"

debug@2.6.1:
  version "2.6.1"
  resolved "https://registry.yarnpkg.com/debug/-/debug-2.6.1.tgz#79855090ba2c4e3115cc7d8769491d58f0491351"
  dependencies:
    ms "0.7.2"

debug@2.6.7:
  version "2.6.7"
  resolved "https://registry.yarnpkg.com/debug/-/debug-2.6.7.tgz#92bad1f6d05bbb6bba22cca88bcd0ec894c2861e"
  dependencies:
    ms "2.0.0"

debug@2.6.9, debug@~2.6.3:
  version "2.6.9"
  resolved "https://registry.yarnpkg.com/debug/-/debug-2.6.9.tgz#5d128515df134ff327e90a4c93f4e077a536341f"
  dependencies:
    ms "2.0.0"

debug@~2.2.0:
  version "2.2.0"
  resolved "https://registry.yarnpkg.com/debug/-/debug-2.2.0.tgz#f87057e995b1a1f6ae6a4960664137bc56f039da"
  dependencies:
    ms "0.7.1"

depd@~1.1.0, depd@~1.1.1, depd@~1.1.2:
  version "1.1.2"
  resolved "https://registry.yarnpkg.com/depd/-/depd-1.1.2.tgz#9bcd52e14c097763e749b274c4346ed2e560b5a9"

destroy@~1.0.4:
  version "1.0.4"
  resolved "https://registry.yarnpkg.com/destroy/-/destroy-1.0.4.tgz#978857442c44749e4206613e37946205826abd80"

ee-first@1.1.1:
  version "1.1.1"
  resolved "https://registry.yarnpkg.com/ee-first/-/ee-first-1.1.1.tgz#590c61156b0ae2f4f0255732a158b266bc56b21d"

elasticsearch@^14.2.2:
  version "14.2.2"
  resolved "https://registry.yarnpkg.com/elasticsearch/-/elasticsearch-14.2.2.tgz#6bbb63b19b17fa97211b22eeacb0f91197f4d6b6"
  dependencies:
    agentkeepalive "^3.4.1"
    chalk "^1.0.0"
    lodash "2.4.2"
    lodash.get "^4.4.2"
    lodash.isempty "^4.4.0"
    lodash.trimend "^4.5.1"

encodeurl@~1.0.1:
  version "1.0.2"
  resolved "https://registry.yarnpkg.com/encodeurl/-/encodeurl-1.0.2.tgz#ad3ff4c86ec2d029322f5a02c3a9a606c95b3f59"

escape-html@~1.0.3:
  version "1.0.3"
  resolved "https://registry.yarnpkg.com/escape-html/-/escape-html-1.0.3.tgz#0258eae4d3d0c0974de1c169188ef0051d1d1988"

escape-string-regexp@^1.0.2:
  version "1.0.5"
  resolved "https://registry.yarnpkg.com/escape-string-regexp/-/escape-string-regexp-1.0.5.tgz#1b61c0562190a8dff6ae3bb2cf0200ca130b86d4"

etag@~1.8.0, etag@~1.8.1:
  version "1.8.1"
  resolved "https://registry.yarnpkg.com/etag/-/etag-1.8.1.tgz#41ae2eeb65efa62268aebfea83ac7d79299b0887"

eventemitter3@~2.0.2:
  version "2.0.3"
  resolved "https://registry.yarnpkg.com/eventemitter3/-/eventemitter3-2.0.3.tgz#b5e1079b59fb5e1ba2771c0a993be060a58c99ba"

express-session@^1.15.5:
  version "1.15.6"
  resolved "https://registry.yarnpkg.com/express-session/-/express-session-1.15.6.tgz#47b4160c88f42ab70fe8a508e31cbff76757ab0a"
  dependencies:
    cookie "0.3.1"
    cookie-signature "1.0.6"
    crc "3.4.4"
    debug "2.6.9"
    depd "~1.1.1"
    on-headers "~1.0.1"
    parseurl "~1.3.2"
    uid-safe "~2.1.5"
    utils-merge "1.0.1"

express@4.15.2:
  version "4.15.2"
  resolved "https://registry.yarnpkg.com/express/-/express-4.15.2.tgz#af107fc148504457f2dca9a6f2571d7129b97b35"
  dependencies:
    accepts "~1.3.3"
    array-flatten "1.1.1"
    content-disposition "0.5.2"
    content-type "~1.0.2"
    cookie "0.3.1"
    cookie-signature "1.0.6"
    debug "2.6.1"
    depd "~1.1.0"
    encodeurl "~1.0.1"
    escape-html "~1.0.3"
    etag "~1.8.0"
    finalhandler "~1.0.0"
    fresh "0.5.0"
    merge-descriptors "1.0.1"
    methods "~1.1.2"
    on-finished "~2.3.0"
    parseurl "~1.3.1"
    path-to-regexp "0.1.7"
    proxy-addr "~1.1.3"
    qs "6.4.0"
    range-parser "~1.2.0"
    send "0.15.1"
    serve-static "1.12.1"
    setprototypeof "1.0.3"
    statuses "~1.3.1"
    type-is "~1.6.14"
    utils-merge "1.0.0"
    vary "~1.1.0"

extendible@0.1.x:
  version "0.1.1"
  resolved "https://registry.yarnpkg.com/extendible/-/extendible-0.1.1.tgz#e2a37ed87129fb4f9533e8a8d7506230a539c905"

failure@1.1.x:
  version "1.1.1"
  resolved "https://registry.yarnpkg.com/failure/-/failure-1.1.1.tgz#a8e83d3b1602d2468bff6ad4d9071e0103b81a87"

finalhandler@~1.0.0:
  version "1.0.6"
  resolved "https://registry.yarnpkg.com/finalhandler/-/finalhandler-1.0.6.tgz#007aea33d1a4d3e42017f624848ad58d212f814f"
  dependencies:
    debug "2.6.9"
    encodeurl "~1.0.1"
    escape-html "~1.0.3"
    on-finished "~2.3.0"
    parseurl "~1.3.2"
    statuses "~1.3.1"
    unpipe "~1.0.0"

foreachasync@^3.0.0:
  version "3.0.0"
  resolved "https://registry.yarnpkg.com/foreachasync/-/foreachasync-3.0.0.tgz#5502987dc8714be3392097f32e0071c9dee07cf6"

forwarded@~0.1.0:
  version "0.1.2"
  resolved "https://registry.yarnpkg.com/forwarded/-/forwarded-0.1.2.tgz#98c23dab1175657b8c0573e8ceccd91b0ff18c84"

fresh@0.5.0:
  version "0.5.0"
  resolved "https://registry.yarnpkg.com/fresh/-/fresh-0.5.0.tgz#f474ca5e6a9246d6fd8e0953cfa9b9c805afa78e"

fresh@0.5.2:
  version "0.5.2"
  resolved "https://registry.yarnpkg.com/fresh/-/fresh-0.5.2.tgz#3d8cadd90d976569fa835ab1f8e4b23a105605a7"

fs.realpath@^1.0.0:
  version "1.0.0"
  resolved "https://registry.yarnpkg.com/fs.realpath/-/fs.realpath-1.0.0.tgz#1504ad2523158caa40db4a2787cb01411994ea4f"

glob@^7.1.2:
  version "7.1.2"
  resolved "https://registry.yarnpkg.com/glob/-/glob-7.1.2.tgz#c19c9df9a028702d678612384a6552404c636d15"
  dependencies:
    fs.realpath "^1.0.0"
    inflight "^1.0.4"
    inherits "2"
    minimatch "^3.0.4"
    once "^1.3.0"
    path-is-absolute "^1.0.0"

hang@1.0.x:
  version "1.0.0"
  resolved "https://registry.yarnpkg.com/hang/-/hang-1.0.0.tgz#67050879844435e02ae0409c4f4553c6438e1d71"

has-ansi@^2.0.0:
  version "2.0.0"
  resolved "https://registry.yarnpkg.com/has-ansi/-/has-ansi-2.0.0.tgz#34f5049ce1ecdf2b0649af3ef24e45ed35416d91"
  dependencies:
    ansi-regex "^2.0.0"

http-errors@~1.6.1:
  version "1.6.3"
  resolved "https://registry.yarnpkg.com/http-errors/-/http-errors-1.6.3.tgz#8b55680bb4be283a0b5bf4ea2e38580be1d9320d"
  dependencies:
    depd "~1.1.2"
    inherits "2.0.3"
    setprototypeof "1.1.0"
    statuses ">= 1.4.0 < 2"

humanize-ms@^1.2.1:
  version "1.2.1"
  resolved "https://registry.yarnpkg.com/humanize-ms/-/humanize-ms-1.2.1.tgz#c46e3159a293f6b896da29316d8b6fe8bb79bbed"
  dependencies:
    ms "^2.0.0"

iconv-lite@0.4.15:
  version "0.4.15"
  resolved "https://registry.yarnpkg.com/iconv-lite/-/iconv-lite-0.4.15.tgz#fe265a218ac6a57cfe854927e9d04c19825eddeb"

iconv-lite@^0.4.11:
  version "0.4.21"
  resolved "https://registry.yarnpkg.com/iconv-lite/-/iconv-lite-0.4.21.tgz#c47f8733d02171189ebc4a400f3218d348094798"
  dependencies:
    safer-buffer "^2.1.0"

inflight@^1.0.4:
  version "1.0.6"
  resolved "https://registry.yarnpkg.com/inflight/-/inflight-1.0.6.tgz#49bd6331d7d02d0c09bc910a1075ba8165b56df9"
  dependencies:
    once "^1.3.0"
    wrappy "1"

inherits@2, inherits@2.0.3, inherits@~2.0.3:
  version "2.0.3"
  resolved "https://registry.yarnpkg.com/inherits/-/inherits-2.0.3.tgz#633c2c83e3da42a502f52466022480f4208261de"

ipaddr.js@1.4.0:
  version "1.4.0"
  resolved "https://registry.yarnpkg.com/ipaddr.js/-/ipaddr.js-1.4.0.tgz#296aca878a821816e5b85d0a285a99bcff4582f0"

isarray@~1.0.0:
  version "1.0.0"
  resolved "https://registry.yarnpkg.com/isarray/-/isarray-1.0.0.tgz#bb935d48582cba168c06834957a54a3e07124f11"

loads@0.0.x:
  version "0.0.4"
  resolved "https://registry.yarnpkg.com/loads/-/loads-0.0.4.tgz#97f3016397e70ddff480b81ec638ceea22a0a99c"
  dependencies:
    failure "1.1.x"
    one-time "0.0.x"
    xhr-response "1.0.x"
    xhr-status "1.0.x"

locutus@^2.0.5:
  version "2.0.9"
  resolved "https://registry.yarnpkg.com/locutus/-/locutus-2.0.9.tgz#e265af1e85fd19173e74386373888560783a02fc"

lodash.get@^4.4.2:
  version "4.4.2"
  resolved "https://registry.yarnpkg.com/lodash.get/-/lodash.get-4.4.2.tgz#2d177f652fa31e939b4438d5341499dfa3825e99"

lodash.isempty@^4.4.0:
  version "4.4.0"
  resolved "https://registry.yarnpkg.com/lodash.isempty/-/lodash.isempty-4.4.0.tgz#6f86cbedd8be4ec987be9aaf33c9684db1b31e7e"

lodash.trimend@^4.5.1:
  version "4.5.1"
  resolved "https://registry.yarnpkg.com/lodash.trimend/-/lodash.trimend-4.5.1.tgz#12804437286b98cad8996b79414e11300114082f"

lodash@2.4.2:
  version "2.4.2"
  resolved "https://registry.yarnpkg.com/lodash/-/lodash-2.4.2.tgz#fadd834b9683073da179b3eae6d9c0d15053f73e"

lodash@^4.13.1:
  version "4.17.5"
  resolved "https://registry.yarnpkg.com/lodash/-/lodash-4.17.5.tgz#99a92d65c0272debe8c96b6057bc8fbfa3bed511"

media-typer@0.3.0:
  version "0.3.0"
  resolved "https://registry.yarnpkg.com/media-typer/-/media-typer-0.3.0.tgz#8710d7af0aa626f8fffa1ce00168545263255748"

merge-descriptors@1.0.1:
  version "1.0.1"
  resolved "https://registry.yarnpkg.com/merge-descriptors/-/merge-descriptors-1.0.1.tgz#b00aaa556dd8b44568150ec9d1b953f3f90cbb61"

methods@~1.1.2:
  version "1.1.2"
  resolved "https://registry.yarnpkg.com/methods/-/methods-1.1.2.tgz#5529a4d67654134edcc5266656835b0f851afcee"

"mime-db@>= 1.33.0 < 2", mime-db@~1.33.0:
  version "1.33.0"
  resolved "https://registry.yarnpkg.com/mime-db/-/mime-db-1.33.0.tgz#a3492050a5cb9b63450541e39d9788d2272783db"

mime-types@~2.1.18, mime-types@~2.1.6:
  version "2.1.18"
  resolved "https://registry.yarnpkg.com/mime-types/-/mime-types-2.1.18.tgz#6f323f60a83d11146f831ff11fd66e2fe5503bb8"
  dependencies:
    mime-db "~1.33.0"

mime@1.3.4:
  version "1.3.4"
  resolved "https://registry.yarnpkg.com/mime/-/mime-1.3.4.tgz#115f9e3b6b3daf2959983cb38f149a2d40eb5d53"

minimatch@3.0.x, minimatch@^3.0.4:
  version "3.0.4"
  resolved "https://registry.yarnpkg.com/minimatch/-/minimatch-3.0.4.tgz#5166e286457f03306064be5497e8dbb0c3d32083"
  dependencies:
    brace-expansion "^1.1.7"

mongodb-core@3.0.7:
  version "3.0.7"
  resolved "https://registry.yarnpkg.com/mongodb-core/-/mongodb-core-3.0.7.tgz#a9941f14883a75768d554cef5fd67756a9cc0f25"
  dependencies:
    bson "~1.0.4"
    require_optional "^1.0.1"

mongodb@^3.0.7:
  version "3.0.7"
  resolved "https://registry.yarnpkg.com/mongodb/-/mongodb-3.0.7.tgz#cfcbaee992d78dabca67177f8f9db9cf13ac3a44"
  dependencies:
    mongodb-core "3.0.7"

morgan@^1.9.0:
  version "1.9.0"
  resolved "https://registry.yarnpkg.com/morgan/-/morgan-1.9.0.tgz#d01fa6c65859b76fcf31b3cb53a3821a311d8051"
  dependencies:
    basic-auth "~2.0.0"
    debug "2.6.9"
    depd "~1.1.1"
    on-finished "~2.3.0"
    on-headers "~1.0.1"

ms@0.7.1:
  version "0.7.1"
  resolved "https://registry.yarnpkg.com/ms/-/ms-0.7.1.tgz#9cd13c03adbff25b65effde7ce864ee952017098"

ms@0.7.2:
  version "0.7.2"
  resolved "https://registry.yarnpkg.com/ms/-/ms-0.7.2.tgz#ae25cf2512b3885a1d95d7f037868d8431124765"

ms@2.0.0:
  version "2.0.0"
  resolved "https://registry.yarnpkg.com/ms/-/ms-2.0.0.tgz#5608aeadfc00be6c2901df5f9861788de0d597c8"

ms@2.1.1, ms@^2.0.0:
  version "2.1.1"
  resolved "https://registry.yarnpkg.com/ms/-/ms-2.1.1.tgz#30a5864eb3ebb0a66f2ebe6d727af06a09d86e0a"

negotiator@0.5.3:
  version "0.5.3"
  resolved "https://registry.yarnpkg.com/negotiator/-/negotiator-0.5.3.tgz#269d5c476810ec92edbe7b6c2f28316384f9a7e8"

negotiator@0.6.1:
  version "0.6.1"
  resolved "https://registry.yarnpkg.com/negotiator/-/negotiator-0.6.1.tgz#2b327184e8992101177b28563fb5e7102acd0ca9"

node-http-xhr@~1.3.0:
  version "1.3.4"
  resolved "https://registry.yarnpkg.com/node-http-xhr/-/node-http-xhr-1.3.4.tgz#0dbf827c2858f40c57a79375fc4be07c8ff46f55"

on-finished@~2.3.0:
  version "2.3.0"
  resolved "https://registry.yarnpkg.com/on-finished/-/on-finished-2.3.0.tgz#20f1336481b083cd75337992a16971aa2d906947"
  dependencies:
    ee-first "1.1.1"

on-headers@~1.0.0, on-headers@~1.0.1:
  version "1.0.1"
  resolved "https://registry.yarnpkg.com/on-headers/-/on-headers-1.0.1.tgz#928f5d0f470d49342651ea6794b0857c100693f7"

once@^1.3.0:
  version "1.4.0"
  resolved "https://registry.yarnpkg.com/once/-/once-1.4.0.tgz#583b1aa775961d4b113ac17d9c50baef9dd76bd1"
  dependencies:
    wrappy "1"

one-time@0.0.x:
  version "0.0.4"
  resolved "https://registry.yarnpkg.com/one-time/-/one-time-0.0.4.tgz#f8cdf77884826fe4dff93e3a9cc37b1e4480742e"

parseurl@~1.3.1, parseurl@~1.3.2:
  version "1.3.2"
  resolved "https://registry.yarnpkg.com/parseurl/-/parseurl-1.3.2.tgz#fc289d4ed8993119460c156253262cdc8de65bf3"

path-is-absolute@^1.0.0:
  version "1.0.1"
  resolved "https://registry.yarnpkg.com/path-is-absolute/-/path-is-absolute-1.0.1.tgz#174b9268735534ffbc7ace6bf53a5a9e1b5c5f5f"

path-to-regexp@0.1.7:
  version "0.1.7"
  resolved "https://registry.yarnpkg.com/path-to-regexp/-/path-to-regexp-0.1.7.tgz#df604178005f522f15eb4490e7247a1bfaa67f8c"

process-nextick-args@~2.0.0:
  version "2.0.0"
  resolved "https://registry.yarnpkg.com/process-nextick-args/-/process-nextick-args-2.0.0.tgz#a37d732f4271b4ab1ad070d35508e8290788ffaa"

proxy-addr@~1.1.3:
  version "1.1.5"
  resolved "https://registry.yarnpkg.com/proxy-addr/-/proxy-addr-1.1.5.tgz#71c0ee3b102de3f202f3b64f608d173fcba1a918"
  dependencies:
    forwarded "~0.1.0"
    ipaddr.js "1.4.0"

punycode@^1.4.1:
  version "1.4.1"
  resolved "https://registry.yarnpkg.com/punycode/-/punycode-1.4.1.tgz#c0d5a63b2718800ad8e1eb0fa5269c84dd41845e"

qs@6.4.0:
  version "6.4.0"
  resolved "https://registry.yarnpkg.com/qs/-/qs-6.4.0.tgz#13e26d28ad6b0ffaa91312cd3bf708ed351e7233"

random-bytes@~1.0.0:
  version "1.0.0"
  resolved "https://registry.yarnpkg.com/random-bytes/-/random-bytes-1.0.0.tgz#4f68a1dc0ae58bd3fb95848c30324db75d64360b"

range-parser@~1.2.0:
  version "1.2.0"
  resolved "https://registry.yarnpkg.com/range-parser/-/range-parser-1.2.0.tgz#f49be6b487894ddc40dcc94a322f611092e00d5e"

raw-body@~2.2.0:
  version "2.2.0"
  resolved "https://registry.yarnpkg.com/raw-body/-/raw-body-2.2.0.tgz#994976cf6a5096a41162840492f0bdc5d6e7fb96"
  dependencies:
    bytes "2.4.0"
    iconv-lite "0.4.15"
    unpipe "1.0.0"

readable-stream@^2.0.2, readable-stream@^2.3.5:
  version "2.3.6"
  resolved "https://registry.yarnpkg.com/readable-stream/-/readable-stream-2.3.6.tgz#b11c27d88b8ff1fbe070643cf94b0c79ae1b0aaf"
  dependencies:
    core-util-is "~1.0.0"
    inherits "~2.0.3"
    isarray "~1.0.0"
    process-nextick-args "~2.0.0"
    safe-buffer "~5.1.1"
    string_decoder "~1.1.1"
    util-deprecate "~1.0.1"

request-promise-core@1.1.1:
  version "1.1.1"
  resolved "https://registry.yarnpkg.com/request-promise-core/-/request-promise-core-1.1.1.tgz#3eee00b2c5aa83239cfb04c5700da36f81cd08b6"
  dependencies:
    lodash "^4.13.1"

request-promise-native@^1.0.4:
  version "1.0.5"
  resolved "https://registry.yarnpkg.com/request-promise-native/-/request-promise-native-1.0.5.tgz#5281770f68e0c9719e5163fd3fab482215f4fda5"
  dependencies:
    request-promise-core "1.1.1"
    stealthy-require "^1.1.0"
    tough-cookie ">=2.3.3"

requests@^0.2.2:
  version "0.2.2"
  resolved "https://registry.yarnpkg.com/requests/-/requests-0.2.2.tgz#0e5ec07fd86b495bdb4beda869b2157eca893b4d"
  dependencies:
    axo "0.0.x"
    eventemitter3 "~2.0.2"
    extendible "0.1.x"
    hang "1.0.x"
    loads "0.0.x"
    node-http-xhr "~1.3.0"
    xhr-send "1.0.x"

require_optional@^1.0.1:
  version "1.0.1"
  resolved "https://registry.yarnpkg.com/require_optional/-/require_optional-1.0.1.tgz#4cf35a4247f64ca3df8c2ef208cc494b1ca8fc2e"
  dependencies:
    resolve-from "^2.0.0"
    semver "^5.1.0"

resolve-from@^2.0.0:
  version "2.0.0"
  resolved "https://registry.yarnpkg.com/resolve-from/-/resolve-from-2.0.0.tgz#9480ab20e94ffa1d9e80a804c7ea147611966b57"

safe-buffer@5.1.1, safe-buffer@^5.1.1, safe-buffer@~5.1.0, safe-buffer@~5.1.1:
  version "5.1.1"
  resolved "https://registry.yarnpkg.com/safe-buffer/-/safe-buffer-5.1.1.tgz#893312af69b2123def71f57889001671eeb2c853"

safer-buffer@^2.1.0:
  version "2.1.2"
  resolved "https://registry.yarnpkg.com/safer-buffer/-/safer-buffer-2.1.2.tgz#44fa161b0187b9549dd84bb91802f9bd8385cd6a"

semver@^5.1.0:
  version "5.5.0"
  resolved "https://registry.yarnpkg.com/semver/-/semver-5.5.0.tgz#dc4bbc7a6ca9d916dee5d43516f0092b58f7b8ab"

send@0.15.1:
  version "0.15.1"
  resolved "https://registry.yarnpkg.com/send/-/send-0.15.1.tgz#8a02354c26e6f5cca700065f5f0cdeba90ec7b5f"
  dependencies:
    debug "2.6.1"
    depd "~1.1.0"
    destroy "~1.0.4"
    encodeurl "~1.0.1"
    escape-html "~1.0.3"
    etag "~1.8.0"
    fresh "0.5.0"
    http-errors "~1.6.1"
    mime "1.3.4"
    ms "0.7.2"
    on-finished "~2.3.0"
    range-parser "~1.2.0"
    statuses "~1.3.1"

serve-favicon@^2.5.0:
  version "2.5.0"
  resolved "https://registry.yarnpkg.com/serve-favicon/-/serve-favicon-2.5.0.tgz#935d240cdfe0f5805307fdfe967d88942a2cbcf0"
  dependencies:
    etag "~1.8.1"
    fresh "0.5.2"
    ms "2.1.1"
    parseurl "~1.3.2"
    safe-buffer "5.1.1"

serve-static@1.12.1:
  version "1.12.1"
  resolved "https://registry.yarnpkg.com/serve-static/-/serve-static-1.12.1.tgz#7443a965e3ced647aceb5639fa06bf4d1bbe0039"
  dependencies:
    encodeurl "~1.0.1"
    escape-html "~1.0.3"
    parseurl "~1.3.1"
    send "0.15.1"

setprototypeof@1.0.3:
  version "1.0.3"
  resolved "https://registry.yarnpkg.com/setprototypeof/-/setprototypeof-1.0.3.tgz#66567e37043eeb4f04d91bd658c0cbefb55b8e04"

setprototypeof@1.1.0:
  version "1.1.0"
  resolved "https://registry.yarnpkg.com/setprototypeof/-/setprototypeof-1.1.0.tgz#d0bd85536887b6fe7c0d818cb962d9d91c54e656"

sprintf@0.1.5:
  version "0.1.5"
  resolved "https://registry.yarnpkg.com/sprintf/-/sprintf-0.1.5.tgz#8f83e39a9317c1a502cb7db8050e51c679f6edcf"

"statuses@>= 1.4.0 < 2":
  version "1.5.0"
  resolved "https://registry.yarnpkg.com/statuses/-/statuses-1.5.0.tgz#161c7dac177659fd9811f43771fa99381478628c"

statuses@~1.3.1:
  version "1.3.1"
  resolved "https://registry.yarnpkg.com/statuses/-/statuses-1.3.1.tgz#faf51b9eb74aaef3b3acf4ad5f61abf24cb7b93e"

stealthy-require@^1.1.0:
  version "1.1.1"
  resolved "https://registry.yarnpkg.com/stealthy-require/-/stealthy-require-1.1.1.tgz#35b09875b4ff49f26a777e509b3090a3226bf24b"

string_decoder@~1.1.1:
  version "1.1.1"
  resolved "https://registry.yarnpkg.com/string_decoder/-/string_decoder-1.1.1.tgz#9cf1611ba62685d7030ae9e4ba34149c3af03fc8"
  dependencies:
    safe-buffer "~5.1.0"

strip-ansi@^3.0.0:
  version "3.0.1"
  resolved "https://registry.yarnpkg.com/strip-ansi/-/strip-ansi-3.0.1.tgz#6a385fb8853d952d5ff05d0e8aaf94278dc63dcf"
  dependencies:
    ansi-regex "^2.0.0"

supports-color@^2.0.0:
  version "2.0.0"
  resolved "https://registry.yarnpkg.com/supports-color/-/supports-color-2.0.0.tgz#535d045ce6b6363fa40117084629995e9df324c7"

tedious@1.12.1:
  version "1.12.1"
  resolved "https://registry.yarnpkg.com/tedious/-/tedious-1.12.1.tgz#aa3c4742b694201ce1e3198b34ddb95714656a65"
  dependencies:
    babel-runtime "^5.8.19"
    big-number "0.3.1"
    bl "^1.0.0"
    iconv-lite "^0.4.11"
    readable-stream "^2.0.2"
    sprintf "0.1.5"

tough-cookie@>=2.3.3:
  version "2.3.4"
  resolved "https://registry.yarnpkg.com/tough-cookie/-/tough-cookie-2.3.4.tgz#ec60cee38ac675063ffc97a5c18970578ee83655"
  dependencies:
    punycode "^1.4.1"

twig@~0.10.3:
  version "0.10.3"
  resolved "https://registry.yarnpkg.com/twig/-/twig-0.10.3.tgz#67604e08e1920ebf2faf80a901e256189c8a3c67"
  dependencies:
    locutus "^2.0.5"
    minimatch "3.0.x"
    walk "2.3.x"

type-is@~1.6.14, type-is@~1.6.15:
  version "1.6.16"
  resolved "https://registry.yarnpkg.com/type-is/-/type-is-1.6.16.tgz#f89ce341541c672b25ee7ae3c73dee3b2be50194"
  dependencies:
    media-typer "0.3.0"
    mime-types "~2.1.18"

uid-safe@~2.1.5:
  version "2.1.5"
  resolved "https://registry.yarnpkg.com/uid-safe/-/uid-safe-2.1.5.tgz#2b3d5c7240e8fc2e58f8aa269e5ee49c0857bd3a"
  dependencies:
    random-bytes "~1.0.0"

unpipe@1.0.0, unpipe@~1.0.0:
  version "1.0.0"
  resolved "https://registry.yarnpkg.com/unpipe/-/unpipe-1.0.0.tgz#b2bf4ee8514aae6165b4817829d21b2ef49904ec"

util-deprecate@~1.0.1:
  version "1.0.2"
  resolved "https://registry.yarnpkg.com/util-deprecate/-/util-deprecate-1.0.2.tgz#450d4dc9fa70de732762fbd2d4a28981419a0ccf"

utils-merge@1.0.0:
  version "1.0.0"
  resolved "https://registry.yarnpkg.com/utils-merge/-/utils-merge-1.0.0.tgz#0294fb922bb9375153541c4f7096231f287c8af8"

utils-merge@1.0.1:
  version "1.0.1"
  resolved "https://registry.yarnpkg.com/utils-merge/-/utils-merge-1.0.1.tgz#9f95710f50a267947b2ccc124741c1028427e713"

vary@~1.0.1:
  version "1.0.1"
  resolved "https://registry.yarnpkg.com/vary/-/vary-1.0.1.tgz#99e4981566a286118dfb2b817357df7993376d10"

vary@~1.1.0:
  version "1.1.2"
  resolved "https://registry.yarnpkg.com/vary/-/vary-1.1.2.tgz#2299f02c6ded30d4a5961b0b9f74524a18f634fc"

walk@2.3.x:
  version "2.3.13"
  resolved "https://registry.yarnpkg.com/walk/-/walk-2.3.13.tgz#400852ade80df679f54637e4f08654ed6628f6da"
  dependencies:
    foreachasync "^3.0.0"

wrappy@1:
  version "1.0.2"
  resolved "https://registry.yarnpkg.com/wrappy/-/wrappy-1.0.2.tgz#b5243d8f3ec1aa35f1364605bc0d1036e30ab69f"

xhr-response@1.0.x:
  version "1.0.1"
  resolved "https://registry.yarnpkg.com/xhr-response/-/xhr-response-1.0.1.tgz#affe3a08544ba72186e4dc52cd0226671d8673fe"

xhr-send@1.0.x:
  version "1.0.0"
  resolved "https://registry.yarnpkg.com/xhr-send/-/xhr-send-1.0.0.tgz#1a40c73e5db2028ee08fe90f5c3d6dc7f796a854"

xhr-status@1.0.x:
  version "1.0.1"
  resolved "https://registry.yarnpkg.com/xhr-status/-/xhr-status-1.0.1.tgz#ad2c631886ccd98a92834ad0fe695b4cef8bac5c"
